Microsoft Visual Studio Solution File, Format Version 12.00
# Visual Studio 2012
Project("{FAE04EC0-301F-11D3-BF4B-00C04F79EFBC}") = "Tower Generator", "Tower Generator.csproj", "{EFBF23D7-19C2-48B9-B7B0-164FE86B162C}"
EndProject
Global
	GlobalSection(SolutionConfigurationPlatforms) = preSolution
	Debug|Any CPU = Debug|Any CPU
	Release|Any CPU = Release|Any CPU
	Tools|Any CPU = Tools|Any CPU
	EndGlobalSection
	GlobalSection(ProjectConfigurationPlatforms) = postSolution
		{EFBF23D7-19C2-48B9-B7B0-164FE86B162C}.Debug|Any CPU.ActiveCfg = Debug|Any CPU
		{EFBF23D7-19C2-48B9-B7B0-164FE86B162C}.Debug|Any CPU.Build.0 = Debug|Any CPU
		{EFBF23D7-19C2-48B9-B7B0-164FE86B162C}.Release|Any CPU.ActiveCfg = Release|Any CPU
		{EFBF23D7-19C2-48B9-B7B0-164FE86B162C}.Release|Any CPU.Build.0 = Release|Any CPU
		{EFBF23D7-19C2-48B9-B7B0-164FE86B162C}.Tools|Any CPU.ActiveCfg = Tools|Any CPU
		{EFBF23D7-19C2-48B9-B7B0-164FE86B162C}.Tools|Any CPU.Build.0 = Tools|Any CPU
	EndGlobalSection
EndGlobal
